<?xml version="1.0" encoding="utf-8"?>
<Project ToolsVersion="4.0" xmlns="http://schemas.microsoft.com/developer/msbuild/2003">
  <ItemGroup>
    <Filter Include="Source Files">
      <UniqueIdentifier>{4FC737F1-C7A5-4376-A066-2A32D752A2FF}</UniqueIdentifier>
      <Extensions>cpp;c;cc;cxx;def;odl;idl;hpj;bat;asm;asmx</Extensions>
    </Filter>
    <Filter Include="Header Files">
      <UniqueIdentifier>{93995380-89BD-4b04-88EB-625FBE52EBFB}</UniqueIdentifier>
      <Extensions>h;hh;hpp;hxx;hm;inl;inc;xsd</Extensions>
    </Filter>
    <Filter Include="Resource Files">
      <UniqueIdentifier>{67DA6AB6-F800-4c08-8B7A-83BB121AAD01}</UniqueIdentifier>
      <Extensions>rc;ico;cur;bmp;dlg;rc2;rct;bin;rgs;gif;jpg;jpeg;jpe;resx;tiff;tif;png;wav;mfcribbon-ms</Extensions>
    </Filter>
  </ItemGroup>
  <ItemGroup>
    <ClCompile Include="Main.cpp">
      <Filter>Source Files</Filter>
    </ClCompile>
    <ClCompile Include="creatureClass.cpp">
      <Filter>Source Files</Filter>
    </ClCompile>
    <ClCompile Include="enemyClass.cpp">
      <Filter>Source Files</Filter>
    </ClCompile>
    <ClCompile Include="mapElementClass.cpp">
      <Filter>Source Files</Filter>
    </ClCompile>
    <ClCompile Include="playerClass.cpp">
      <Filter>Source Files</Filter>
    </ClCompile>
    <ClCompile Include="tileClass.cpp">
      <Filter>Source Files</Filter>
    </ClCompile>
    <ClCompile Include="gameClass.cpp">
      <Filter>Source Files</Filter>
    </ClCompile>
    <ClCompile Include="mapClass.cpp">
      <Filter>Source Files</Filter>
    </ClCompile>
    <ClCompile Include="textureClass.cpp">
      <Filter>Source Files</Filter>
    </ClCompile>
    <ClCompile Include="resourceManagerClass.cpp">
      <Filter>Source Files</Filter>
    </ClCompile>
    <ClCompile Include="SpriteRenderer.cpp">
      <Filter>Source Files</Filter>
    </ClCompile>
    <ClCompile Include="Shader.cpp">
      <Filter>Source Files</Filter>
    </ClCompile>
    <ClCompile Include="spawnerClass.cpp">
      <Filter>Source Files</Filter>
    </ClCompile>
    <ClCompile Include="projectileClass.cpp">
      <Filter>Source Files</Filter>
    </ClCompile>
    <ClCompile Include="TextRenderer.cpp">
      <Filter>Source Files</Filter>
    </ClCompile>
    <ClCompile Include="AStarTree.cpp">
      <Filter>Source Files</Filter>
    </ClCompile>
  </ItemGroup>
  <ItemGroup>
    <ClInclude Include="creatureClass.h">
      <Filter>Header Files</Filter>
    </ClInclude>
    <ClInclude Include="enemyClass.h">
      <Filter>Header Files</Filter>
    </ClInclude>
    <ClInclude Include="tileClass.h">
      <Filter>Header Files</Filter>
    </ClInclude>
    <ClInclude Include="playerClass.h">
      <Filter>Header Files</Filter>
    </ClInclude>
    <ClInclude Include="mapElementClass.h">
      <Filter>Header Files</Filter>
    </ClInclude>
    <ClInclude Include="gameClass.h">
      <Filter>Header Files</Filter>
    </ClInclude>
    <ClInclude Include="mapClass.h">
      <Filter>Header Files</Filter>
    </ClInclude>
    <ClInclude Include="textureClass.h">
      <Filter>Header Files</Filter>
    </ClInclude>
    <ClInclude Include="resourceManagerClass.h">
      <Filter>Header Files</Filter>
    </ClInclude>
    <ClInclude Include="SpriteRenderer.h">
      <Filter>Header Files</Filter>
    </ClInclude>
    <ClInclude Include="Shader.h">
      <Filter>Header Files</Filter>
    </ClInclude>
    <ClInclude Include="spawnerClass.h">
      <Filter>Header Files</Filter>
    </ClInclude>
    <ClInclude Include="projectileClass.h">
      <Filter>Header Files</Filter>
    </ClInclude>
    <ClInclude Include="TextRenderer.h">
      <Filter>Header Files</Filter>
    </ClInclude>
    <ClInclude Include="AStarTree.h">
      <Filter>Header Files</Filter>
    </ClInclude>
    <ClInclude Include="Constants.h">
      <Filter>Header Files</Filter>
    </ClInclude>
  </ItemGroup>
</Project>